// !$*UTF8*$!
{
	archiveVersion = 1;
	classes = {
	};
	objectVersion = 55;
	objects = {

/* Begin PBXBuildFile section */
		482DB359273C2F520037A995 /* AppDelegate.swift in Sources */ = {isa = PBXBuildFile; fileRef = 482DB358273C2F520037A995 /* AppDelegate.swift */; };
		482DB35B273C2F520037A995 /* SceneDelegate.swift in Sources */ = {isa = PBXBuildFile; fileRef = 482DB35A273C2F520037A995 /* SceneDelegate.swift */; };
		482DB35D273C2F520037A995 /* ViewController.swift in Sources */ = {isa = PBXBuildFile; fileRef = 482DB35C273C2F520037A995 /* ViewController.swift */; };
		482DB360273C2F520037A995 /* Main.storyboard in Resources */ = {isa = PBXBuildFile; fileRef = 482DB35E273C2F520037A995 /* Main.storyboard */; };
		482DB362273C2F560037A995 /* Assets.xcassets in Resources */ = {isa = PBXBuildFile; fileRef = 482DB361273C2F560037A995 /* Assets.xcassets */; };
		482DB365273C2F560037A995 /* LaunchScreen.storyboard in Resources */ = {isa = PBXBuildFile; fileRef = 482DB363273C2F560037A995 /* LaunchScreen.storyboard */; };
		482DB36D273C3C240037A995 /* WishListViewController.swift in Sources */ = {isa = PBXBuildFile; fileRef = 482DB36C273C3C240037A995 /* WishListViewController.swift */; };
		482DB36F273C5E000037A995 /* InboxViewController.swift in Sources */ = {isa = PBXBuildFile; fileRef = 482DB36E273C5E000037A995 /* InboxViewController.swift */; };
		B82FB052274FD119006334C2 /* ExploreViewController.swift in Sources */ = {isa = PBXBuildFile; fileRef = B82FB051274FD119006334C2 /* ExploreViewController.swift */; };
		B82FB054274FD18B006334C2 /* ExploreTableViewCell.swift in Sources */ = {isa = PBXBuildFile; fileRef = B82FB053274FD18B006334C2 /* ExploreTableViewCell.swift */; };
		B82FB056274FE5E4006334C2 /* Place.swift in Sources */ = {isa = PBXBuildFile; fileRef = B82FB055274FE5E4006334C2 /* Place.swift */; };
		B82FB058274FE6AB006334C2 /* PlaceViewModel.swift in Sources */ = {isa = PBXBuildFile; fileRef = B82FB057274FE6AB006334C2 /* PlaceViewModel.swift */; };
/* End PBXBuildFile section */

/* Begin PBXFileReference section */
		482DB355273C2F520037A995 /* S7_Airbnb.app */ = {isa = PBXFileReference; explicitFileType = wrapper.application; includeInIndex = 0; path = S7_Airbnb.app; sourceTree = BUILT_PRODUCTS_DIR; };
		482DB358273C2F520037A995 /* AppDelegate.swift */ = {isa = PBXFileReference; lastKnownFileType = sourcecode.swift; path = AppDelegate.swift; sourceTree = "<group>"; };
		482DB35A273C2F520037A995 /* SceneDelegate.swift */ = {isa = PBXFileReference; lastKnownFileType = sourcecode.swift; path = SceneDelegate.swift; sourceTree = "<group>"; };
		482DB35C273C2F520037A995 /* ViewController.swift */ = {isa = PBXFileReference; lastKnownFileType = sourcecode.swift; path = ViewController.swift; sourceTree = "<group>"; };
		482DB35F273C2F520037A995 /* Base */ = {isa = PBXFileReference; lastKnownFileType = file.storyboard; name = Base; path = Base.lproj/Main.storyboard; sourceTree = "<group>"; };
		482DB361273C2F560037A995 /* Assets.xcassets */ = {isa = PBXFileReference; lastKnownFileType = folder.assetcatalog; path = Assets.xcassets; sourceTree = "<group>"; };
		482DB364273C2F560037A995 /* Base */ = {isa = PBXFileReference; lastKnownFileType = file.storyboard; name = Base; path = Base.lproj/LaunchScreen.storyboard; sourceTree = "<group>"; };
		482DB366273C2F560037A995 /* Info.plist */ = {isa = PBXFileReference; lastKnownFileType = text.plist.xml; path = Info.plist; sourceTree = "<group>"; };
		482DB36C273C3C240037A995 /* WishListViewController.swift */ = {isa = PBXFileReference; lastKnownFileType = sourcecode.swift; path = WishListViewController.swift; sourceTree = "<group>"; };
		482DB36E273C5E000037A995 /* InboxViewController.swift */ = {isa = PBXFileReference; lastKnownFileType = sourcecode.swift; path = InboxViewController.swift; sourceTree = "<group>"; };
		B82FB051274FD119006334C2 /* ExploreViewController.swift */ = {isa = PBXFileReference; lastKnownFileType = sourcecode.swift; path = ExploreViewController.swift; sourceTree = "<group>"; };
		B82FB053274FD18B006334C2 /* ExploreTableViewCell.swift */ = {isa = PBXFileReference; lastKnownFileType = sourcecode.swift; path = ExploreTableViewCell.swift; sourceTree = "<group>"; };
		B82FB055274FE5E4006334C2 /* Place.swift */ = {isa = PBXFileReference; lastKnownFileType = sourcecode.swift; path = Place.swift; sourceTree = "<group>"; };
		B82FB057274FE6AB006334C2 /* PlaceViewModel.swift */ = {isa = PBXFileReference; lastKnownFileType = sourcecode.swift; path = PlaceViewModel.swift; sourceTree = "<group>"; };
/* End PBXFileReference section */

/* Begin PBXFrameworksBuildPhase section */
		482DB352273C2F520037A995 /* Frameworks */ = {
			isa = PBXFrameworksBuildPhase;
			buildActionMask = 2147483647;
			files = (
			);
			runOnlyForDeploymentPostprocessing = 0;
		};
/* End PBXFrameworksBuildPhase section */

/* Begin PBXGroup section */
		482DB34C273C2F520037A995 = {
			isa = PBXGroup;
			children = (
				482DB357273C2F520037A995 /* S7_Airbnb */,
				482DB356273C2F520037A995 /* Products */,
			);
			sourceTree = "<group>";
		};
		482DB356273C2F520037A995 /* Products */ = {
			isa = PBXGroup;
			children = (
				482DB355273C2F520037A995 /* S7_Airbnb.app */,
			);
			name = Products;
			sourceTree = "<group>";
		};
		482DB357273C2F520037A995 /* S7_Airbnb */ = {
			isa = PBXGroup;
			children = (
				B82FB04B274FADD3006334C2 /* Main */,
				482DB358273C2F520037A995 /* AppDelegate.swift */,
				482DB35A273C2F520037A995 /* SceneDelegate.swift */,
				482DB361273C2F560037A995 /* Assets.xcassets */,
				482DB363273C2F560037A995 /* LaunchScreen.storyboard */,
				482DB366273C2F560037A995 /* Info.plist */,
			);
			path = S7_Airbnb;
			sourceTree = "<group>";
		};
		B82FB04B274FADD3006334C2 /* Main */ = {
			isa = PBXGroup;
			children = (
				B82FB050274FCFAB006334C2 /* Screens */,
				B82FB04F274FCF3C006334C2 /* Cells */,
				B82FB04E274FCF2C006334C2 /* Model */,
				B82FB04D274FCF0F006334C2 /* ViewModel */,
				B82FB04C274FCEDC006334C2 /* View */,
			);
			path = Main;
			sourceTree = "<group>";
		};
		B82FB04C274FCEDC006334C2 /* View */ = {
			isa = PBXGroup;
			children = (
				482DB35C273C2F520037A995 /* ViewController.swift */,
				482DB36C273C3C240037A995 /* WishListViewController.swift */,
				482DB36E273C5E000037A995 /* InboxViewController.swift */,
				B82FB051274FD119006334C2 /* ExploreViewController.swift */,
			);
			path = View;
			sourceTree = "<group>";
		};
		B82FB04D274FCF0F006334C2 /* ViewModel */ = {
			isa = PBXGroup;
			children = (
				B82FB057274FE6AB006334C2 /* PlaceViewModel.swift */,
			);
			path = ViewModel;
			sourceTree = "<group>";
		};
		B82FB04E274FCF2C006334C2 /* Model */ = {
			isa = PBXGroup;
			children = (
				B82FB055274FE5E4006334C2 /* Place.swift */,
			);
			path = Model;
			sourceTree = "<group>";
		};
		B82FB04F274FCF3C006334C2 /* Cells */ = {
			isa = PBXGroup;
			children = (
				B82FB053274FD18B006334C2 /* ExploreTableViewCell.swift */,
			);
			path = Cells;
			sourceTree = "<group>";
		};
		B82FB050274FCFAB006334C2 /* Screens */ = {
			isa = PBXGroup;
			children = (
				482DB35E273C2F520037A995 /* Main.storyboard */,
			);
			path = Screens;
			sourceTree = "<group>";
		};
/* End PBXGroup section */

/* Begin PBXNativeTarget section */
		482DB354273C2F520037A995 /* S7_Airbnb */ = {
			isa = PBXNativeTarget;
			buildConfigurationList = 482DB369273C2F560037A995 /* Build configuration list for PBXNativeTarget "S7_Airbnb" */;
			buildPhases = (
				482DB351273C2F520037A995 /* Sources */,
				482DB352273C2F520037A995 /* Frameworks */,
				482DB353273C2F520037A995 /* Resources */,
			);
			buildRules = (
			);
			dependencies = (
			);
			name = S7_Airbnb;
			productName = S7_Airbnb;
			productReference = 482DB355273C2F520037A995 /* S7_Airbnb.app */;
			productType = "com.apple.product-type.application";
		};
/* End PBXNativeTarget section */

/* Begin PBXProject section */
		482DB34D273C2F520037A995 /* Project object */ = {
			isa = PBXProject;
			attributes = {
				BuildIndependentTargetsInParallel = 1;
				LastSwiftUpdateCheck = 1300;
				LastUpgradeCheck = 1300;
				TargetAttributes = {
					482DB354273C2F520037A995 = {
						CreatedOnToolsVersion = 13.0;
					};
				};
			};
			buildConfigurationList = 482DB350273C2F520037A995 /* Build configuration list for PBXProject "S7_Airbnb" */;
			compatibilityVersion = "Xcode 13.0";
			developmentRegion = en;
			hasScannedForEncodings = 0;
			knownRegions = (
				en,
				Base,
			);
			mainGroup = 482DB34C273C2F520037A995;
			productRefGroup = 482DB356273C2F520037A995 /* Products */;
			projectDirPath = "";
			projectRoot = "";
			targets = (
				482DB354273C2F520037A995 /* S7_Airbnb */,
			);
		};
/* End PBXProject section */

/* Begin PBXResourcesBuildPhase section */
		482DB353273C2F520037A995 /* Resources */ = {
			isa = PBXResourcesBuildPhase;
			buildActionMask = 2147483647;
			files = (
				482DB365273C2F560037A995 /* LaunchScreen.storyboard in Resources */,
				482DB362273C2F560037A995 /* Assets.xcassets in Resources */,
				482DB360273C2F520037A995 /* Main.storyboard in Resources */,
			);
			runOnlyForDeploymentPostprocessing = 0;
		};
/* End PBXResourcesBuildPhase section */

/* Begin PBXSourcesBuildPhase section */
		482DB351273C2F520037A995 /* Sources */ = {
			isa = PBXSourcesBuildPhase;
			buildActionMask = 2147483647;
			files = (
				482DB36F273C5E000037A995 /* InboxViewController.swift in Sources */,
				B82FB058274FE6AB006334C2 /* PlaceViewModel.swift in Sources */,
				B82FB052274FD119006334C2 /* ExploreViewController.swift in Sources */,
				482DB35D273C2F520037A995 /* ViewController.swift in Sources */,
				B82FB056274FE5E4006334C2 /* Place.swift in Sources */,
				482DB36D273C3C240037A995 /* WishListViewController.swift in Sources */,
				B82FB054274FD18B006334C2 /* ExploreTableViewCell.swift in Sources */,
				482DB359273C2F520037A995 /* AppDelegate.swift in Sources */,
				482DB35B273C2F520037A995 /* SceneDelegate.swift in Sources */,
			);
			runOnlyForDeploymentPostprocessing = 0;
		};
/* End PBXSourcesBuildPhase section */

/* Begin PBXVariantGroup section */
		482DB35E273C2F520037A995 /* Main.storyboard */ = {
			isa = PBXVariantGroup;
			children = (
				482DB35F273C2F520037A995 /* Base */,
			);
			name = Main.storyboard;
			sourceTree = "<group>";
		};
		482DB363273C2F560037A995 /* LaunchScreen.storyboard */ = {
			isa = PBXVariantGroup;
			children = (
				482DB364273C2F560037A995 /* Base */,
			);
			name = LaunchScreen.storyboard;
			sourceTree = "<group>";
		};
/* End PBXVariantGroup section */

/* Begin XCBuildConfiguration section */
		482DB367273C2F560037A995 /* Debug */ = {
			isa = XCBuildConfiguration;
			buildSettings = {
				ALWAYS_SEARCH_USER_PATHS = NO;
				CLANG_ANALYZER_NONNULL = YES;
				CLANG_ANALYZER_NUMBER_OBJECT_CONVERSION = YES_AGGRESSIVE;
				CLANG_CXX_LANGUAGE_STANDARD = "gnu++17";
				CLANG_CXX_LIBRARY = "libc++";
				CLANG_ENABLE_MODULES = YES;
				CLANG_ENABLE_OBJC_ARC = YES;
				CLANG_ENABLE_OBJC_WEAK = YES;
				CLANG_WARN_BLOCK_CAPTURE_AUTORELEASING = YES;
				CLANG_WARN_BOOL_CONVERSION = YES;
				CLANG_WARN_COMMA = YES;
				CLANG_WARN_CONSTANT_CONVERSION = YES;
				CLANG_WARN_DEPRECATED_OBJC_IMPLEMENTATIONS = YES;
				CLANG_WARN_DIRECT_OBJC_ISA_USAGE = YES_ERROR;
				CLANG_WARN_DOCUMENTATION_COMMENTS = YES;
				CLANG_WARN_EMPTY_BODY = YES;
				CLANG_WARN_ENUM_CONVERSION = YES;
				CLANG_WARN_INFINITE_RECURSION = YES;
				CLANG_WARN_INT_CONVERSION = YES;
				CLANG_WARN_NON_LITERAL_NULL_CONVERSION = YES;
				CLANG_WARN_OBJC_IMPLICIT_RETAIN_SELF = YES;
				CLANG_WARN_OBJC_LITERAL_CONVERSION = YES;
				CLANG_WARN_OBJC_ROOT_CLASS = YES_ERROR;
				CLANG_WARN_QUOTED_INCLUDE_IN_FRAMEWORK_HEADER = YES;
				CLANG_WARN_RANGE_LOOP_ANALYSIS = YES;
				CLANG_WARN_STRICT_PROTOTYPES = YES;
				CLANG_WARN_SUSPICIOUS_MOVE = YES;
				CLANG_WARN_UNGUARDED_AVAILABILITY = YES_AGGRESSIVE;
				CLANG_WARN_UNREACHABLE_CODE = YES;
				CLANG_WARN__DUPLICATE_METHOD_MATCH = YES;
				COPY_PHASE_STRIP = NO;
				DEBUG_INFORMATION_FORMAT = dwarf;
				ENABLE_STRICT_OBJC_MSGSEND = YES;
				ENABLE_TESTABILITY = YES;
				GCC_C_LANGUAGE_STANDARD = gnu11;
				GCC_DYNAMIC_NO_PIC = NO;
				GCC_NO_COMMON_BLOCKS = YES;
				GCC_OPTIMIZATION_LEVEL = 0;
				GCC_PREPROCESSOR_DEFINITIONS = (
					"DEBUG=1",
					"$(inherited)",
				);
				GCC_WARN_64_TO_32_BIT_CONVERSION = YES;
				GCC_WARN_ABOUT_RETURN_TYPE = YES_ERROR;
				GCC_WARN_UNDECLARED_SELECTOR = YES;
				GCC_WARN_UNINITIALIZED_AUTOS = YES_AGGRESSIVE;
				GCC_WARN_UNUSED_FUNCTION = YES;
				GCC_WARN_UNUSED_VARIABLE = YES;
				IPHONEOS_DEPLOYMENT_TARGET = 15.0;
				MTL_ENABLE_DEBUG_INFO = INCLUDE_SOURCE;
				MTL_FAST_MATH = YES;
				ONLY_ACTIVE_ARCH = YES;
				SDKROOT = iphoneos;
				SWIFT_ACTIVE_COMPILATION_CONDITIONS = DEBUG;
				SWIFT_OPTIMIZATION_LEVEL = "-Onone";
			};
			name = Debug;
		};
		482DB368273C2F560037A995 /* Release */ = {
			isa = XCBuildConfiguration;
			buildSettings = {
				ALWAYS_SEARCH_USER_PATHS = NO;
				CLANG_ANALYZER_NONNULL = YES;
				CLANG_ANALYZER_NUMBER_OBJECT_CONVERSION = YES_AGGRESSIVE;
				CLANG_CXX_LANGUAGE_STANDARD = "gnu++17";
				CLANG_CXX_LIBRARY = "libc++";
				CLANG_ENABLE_MODULES = YES;
				CLANG_ENABLE_OBJC_ARC = YES;
				CLANG_ENABLE_OBJC_WEAK = YES;
				CLANG_WARN_BLOCK_CAPTURE_AUTORELEASING = YES;
				CLANG_WARN_BOOL_CONVERSION = YES;
				CLANG_WARN_COMMA = YES;
				CLANG_WARN_CONSTANT_CONVERSION = YES;
				CLANG_WARN_DEPRECATED_OBJC_IMPLEMENTATIONS = YES;
				CLANG_WARN_DIRECT_OBJC_ISA_USAGE = YES_ERROR;
				CLANG_WARN_DOCUMENTATION_COMMENTS = YES;
				CLANG_WARN_EMPTY_BODY = YES;
				CLANG_WARN_ENUM_CONVERSION = YES;
				CLANG_WARN_INFINITE_RECURSION = YES;
				CLANG_WARN_INT_CONVERSION = YES;
				CLANG_WARN_NON_LITERAL_NULL_CONVERSION = YES;
				CLANG_WARN_OBJC_IMPLICIT_RETAIN_SELF = YES;
				CLANG_WARN_OBJC_LITERAL_CONVERSION = YES;
				CLANG_WARN_OBJC_ROOT_CLASS = YES_ERROR;
				CLANG_WARN_QUOTED_INCLUDE_IN_FRAMEWORK_HEADER = YES;
				CLANG_WARN_RANGE_LOOP_ANALYSIS = YES;
				CLANG_WARN_STRICT_PROTOTYPES = YES;
				CLANG_WARN_SUSPICIOUS_MOVE = YES;
				CLANG_WARN_UNGUARDED_AVAILABILITY = YES_AGGRESSIVE;
				CLANG_WARN_UNREACHABLE_CODE = YES;
				CLANG_WARN__DUPLICATE_METHOD_MATCH = YES;
				COPY_PHASE_STRIP = NO;
				DEBUG_INFORMATION_FORMAT = "dwarf-with-dsym";
				ENABLE_NS_ASSERTIONS = NO;
				ENABLE_STRICT_OBJC_MSGSEND = YES;
				GCC_C_LANGUAGE_STANDARD = gnu11;
				GCC_NO_COMMON_BLOCKS = YES;
				GCC_WARN_64_TO_32_BIT_CONVERSION = YES;
				GCC_WARN_ABOUT_RETURN_TYPE = YES_ERROR;
				GCC_WARN_UNDECLARED_SELECTOR = YES;
				GCC_WARN_UNINITIALIZED_AUTOS = YES_AGGRESSIVE;
				GCC_WARN_UNUSED_FUNCTION = YES;
				GCC_WARN_UNUSED_VARIABLE = YES;
				IPHONEOS_DEPLOYMENT_TARGET = 15.0;
				MTL_ENABLE_DEBUG_INFO = NO;
				MTL_FAST_MATH = YES;
				SDKROOT = iphoneos;
				SWIFT_COMPILATION_MODE = wholemodule;
				SWIFT_OPTIMIZATION_LEVEL = "-O";
				VALIDATE_PRODUCT = YES;
			};
			name = Release;
		};
		482DB36A273C2F560037A995 /* Debug */ = {
			isa = XCBuildConfiguration;
			buildSettings = {
				ASSETCATALOG_COMPILER_APPICON_NAME = AppIcon;
				ASSETCATALOG_COMPILER_GLOBAL_ACCENT_COLOR_NAME = AccentColor;
				CODE_SIGN_STYLE = Automatic;
				CURRENT_PROJECT_VERSION = 1;
				GENERATE_INFOPLIST_FILE = YES;
				INFOPLIST_FILE = S7_Airbnb/Info.plist;
				INFOPLIST_KEY_CFBundleDisplayName = "Airbnb!";
				INFOPLIST_KEY_UIApplicationSupportsIndirectInputEvents = YES;
				INFOPLIST_KEY_UILaunchStoryboardName = LaunchScreen;
				INFOPLIST_KEY_UIMainStoryboardFile = Main;
				INFOPLIST_KEY_UISupportedInterfaceOrientations_iPad = "UIInterfaceOrientationPortrait UIInterfaceOrientationPortraitUpsideDown UIInterfaceOrientationLandscapeLeft UIInterfaceOrientationLandscapeRight";
				INFOPLIST_KEY_UISupportedInterfaceOrientations_iPhone = "UIInterfaceOrientationPortrait UIInterfaceOrientationLandscapeLeft UIInterfaceOrientationLandscapeRight";
				LD_RUNPATH_SEARCH_PATHS = (
					"$(inherited)",
					"@executable_path/Frameworks",
				);
				MARKETING_VERSION = 1.0;
				PRODUCT_BUNDLE_IDENTIFIER = "tecsup.S7-Airbnb";
				PRODUCT_NAME = "$(TARGET_NAME)";
				SWIFT_EMIT_LOC_STRINGS = YES;
				SWIFT_VERSION = 5.0;
				TARGETED_DEVICE_FAMILY = "1,2";
			};
			name = Debug;
		};
		482DB36B273C2F560037A995 /* Release */ = {
			isa = XCBuildConfiguration;
			buildSettings = {
				ASSETCATALOG_COMPILER_APPICON_NAME = AppIcon;
				ASSETCATALOG_COMPILER_GLOBAL_ACCENT_COLOR_NAME = AccentColor;
				CODE_SIGN_STYLE = Automatic;
				CURRENT_PROJECT_VERSION = 1;
				GENERATE_INFOPLIST_FILE = YES;
				INFOPLIST_FILE = S7_Airbnb/Info.plist;
				INFOPLIST_KEY_CFBundleDisplayName = "Airbnb!";
				INFOPLIST_KEY_UIApplicationSupportsIndirectInputEvents = YES;
				INFOPLIST_KEY_UILaunchStoryboardName = LaunchScreen;
				INFOPLIST_KEY_UIMainStoryboardFile = Main;
				INFOPLIST_KEY_UISupportedInterfaceOrientations_iPad = "UIInterfaceOrientationPortrait UIInterfaceOrientationPortraitUpsideDown UIInterfaceOrientationLandscapeLeft UIInterfaceOrientationLandscapeRight";
				INFOPLIST_KEY_UISupportedInterfaceOrientations_iPhone = "UIInterfaceOrientationPortrait UIInterfaceOrientationLandscapeLeft UIInterfaceOrientationLandscapeRight";
				LD_RUNPATH_SEARCH_PATHS = (
					"$(inherited)",
					"@executable_path/Frameworks",
				);
				MARKETING_VERSION = 1.0;
				PRODUCT_BUNDLE_IDENTIFIER = "tecsup.S7-Airbnb";
				PRODUCT_NAME = "$(TARGET_NAME)";
				SWIFT_EMIT_LOC_STRINGS = YES;
				SWIFT_VERSION = 5.0;
				TARGETED_DEVICE_FAMILY = "1,2";
			};
			name = Release;
		};
/* End XCBuildConfiguration section */

/* Begin XCConfigurationList section */
		482DB350273C2F520037A995 /* Build configuration list for PBXProject "S7_Airbnb" */ = {
			isa = XCConfigurationList;
			buildConfigurations = (
				482DB367273C2F560037A995 /* Debug */,
				482DB368273C2F560037A995 /* Release */,
			);
			defaultConfigurationIsVisible = 0;
			defaultConfigurationName = Release;
		};
		482DB369273C2F560037A995 /* Build configuration list for PBXNativeTarget "S7_Airbnb" */ = {
			isa = XCConfigurationList;
			buildConfigurations = (
				482DB36A273C2F560037A995 /* Debug */,
				482DB36B273C2F560037A995 /* Release */,
			);
			defaultConfigurationIsVisible = 0;
			defaultConfigurationName = Release;
		};
/* End XCConfigurationList section */
	};
	rootObject = 482DB34D273C2F520037A995 /* Project object */;
}
